
Microsoft Visual Studio Solution File, Format Version 12.00
# Visual Studio Version 17
VisualStudioVersion = 17.0.31903.59
MinimumVisualStudioVersion = 10.0.40219.1
Project("{2150E333-8FDC-42A3-9474-1A3956D46DE8}") = "smHaKafkaNet", "smHaKafkaNet", "{2B3B611F-1C53-44E3-A502-D76EAACE90B5}"
EndProject
Project("{FAE04EC0-301F-11D3-BF4B-00C04F79EFBC}") = "HaKafkaNet", "ha-kafka-net\src\HaKafkaNet\HaKafkaNet.csproj", "{84CC3258-BEE7-493C-B88E-79C0381AAAD6}"
EndProject
Project("{FAE04EC0-301F-11D3-BF4B-00C04F79EFBC}") = "MyHome", "MyHome\MyHome.csproj", "{A2EFEF0F-A55F-4B65-B2A7-2BDDBF7012DE}"
EndProject
Project("{FAE04EC0-301F-11D3-BF4B-00C04F79EFBC}") = "MyHome.Transformer", "MyHome.Transformer\MyHome.Transformer.csproj", "{1AEA5598-9AC5-43EE-82B4-EAAF628E7448}"
EndProject
Project("{FAE04EC0-301F-11D3-BF4B-00C04F79EFBC}") = "HaKafkaNet.ExampleApp", "ha-kafka-net\example\HaKafkaNet.ExampleApp\HaKafkaNet.ExampleApp.csproj", "{94F6AC1C-2861-40F9-A9E5-53A1F1DE5B22}"
EndProject
Project("{FAE04EC0-301F-11D3-BF4B-00C04F79EFBC}") = "HaKafkaNet.ExampleApp.Tests", "ha-kafka-net\example\HaKafkaNet.ExampleApp.Tests\HaKafkaNet.ExampleApp.Tests.csproj", "{76DAE567-5F3F-44F5-A541-547CBA92B6C7}"
EndProject
Project("{FAE04EC0-301F-11D3-BF4B-00C04F79EFBC}") = "HaKafkaNet.Tests", "ha-kafka-net\src\HaKafkaNet.Tests\HaKafkaNet.Tests.csproj", "{06E0ADB8-A469-4D5F-A972-52BA1FB1FBEF}"
EndProject
Project("{FAE04EC0-301F-11D3-BF4B-00C04F79EFBC}") = "MyHome.Dev", "MyHome.Dev\MyHome.Dev.csproj", "{598C131E-EF78-4CCF-92EE-1433AF6F6595}"
EndProject
Project("{FAE04EC0-301F-11D3-BF4B-00C04F79EFBC}") = "HaKafkaNet.TestHarness", "ha-kafka-net\src\HaKafkaNet.TestHarness\HaKafkaNet.TestHarness.csproj", "{60F562CB-5251-44F1-8D8B-78889D737DAA}"
EndProject
Project("{FAE04EC0-301F-11D3-BF4B-00C04F79EFBC}") = "MyHome.Tests", "MyHome.Tests\MyHome.Tests.csproj", "{A9470AB3-7E9D-46D8-90A9-0DD5AB6E6F6D}"
EndProject
Global
	GlobalSection(SolutionConfigurationPlatforms) = preSolution
		Debug|Any CPU = Debug|Any CPU
		Release|Any CPU = Release|Any CPU
	EndGlobalSection
	GlobalSection(ProjectConfigurationPlatforms) = postSolution
		{84CC3258-BEE7-493C-B88E-79C0381AAAD6}.Debug|Any CPU.ActiveCfg = Debug|Any CPU
		{84CC3258-BEE7-493C-B88E-79C0381AAAD6}.Debug|Any CPU.Build.0 = Debug|Any CPU
		{84CC3258-BEE7-493C-B88E-79C0381AAAD6}.Release|Any CPU.ActiveCfg = Release|Any CPU
		{84CC3258-BEE7-493C-B88E-79C0381AAAD6}.Release|Any CPU.Build.0 = Release|Any CPU
		{A2EFEF0F-A55F-4B65-B2A7-2BDDBF7012DE}.Debug|Any CPU.ActiveCfg = Debug|Any CPU
		{A2EFEF0F-A55F-4B65-B2A7-2BDDBF7012DE}.Debug|Any CPU.Build.0 = Debug|Any CPU
		{A2EFEF0F-A55F-4B65-B2A7-2BDDBF7012DE}.Release|Any CPU.ActiveCfg = Release|Any CPU
		{A2EFEF0F-A55F-4B65-B2A7-2BDDBF7012DE}.Release|Any CPU.Build.0 = Release|Any CPU
		{1AEA5598-9AC5-43EE-82B4-EAAF628E7448}.Debug|Any CPU.ActiveCfg = Debug|Any CPU
		{1AEA5598-9AC5-43EE-82B4-EAAF628E7448}.Debug|Any CPU.Build.0 = Debug|Any CPU
		{1AEA5598-9AC5-43EE-82B4-EAAF628E7448}.Release|Any CPU.ActiveCfg = Release|Any CPU
		{1AEA5598-9AC5-43EE-82B4-EAAF628E7448}.Release|Any CPU.Build.0 = Release|Any CPU
		{94F6AC1C-2861-40F9-A9E5-53A1F1DE5B22}.Debug|Any CPU.ActiveCfg = Debug|Any CPU
		{94F6AC1C-2861-40F9-A9E5-53A1F1DE5B22}.Debug|Any CPU.Build.0 = Debug|Any CPU
		{94F6AC1C-2861-40F9-A9E5-53A1F1DE5B22}.Release|Any CPU.ActiveCfg = Release|Any CPU
		{94F6AC1C-2861-40F9-A9E5-53A1F1DE5B22}.Release|Any CPU.Build.0 = Release|Any CPU
		{76DAE567-5F3F-44F5-A541-547CBA92B6C7}.Debug|Any CPU.ActiveCfg = Debug|Any CPU
		{76DAE567-5F3F-44F5-A541-547CBA92B6C7}.Debug|Any CPU.Build.0 = Debug|Any CPU
		{76DAE567-5F3F-44F5-A541-547CBA92B6C7}.Release|Any CPU.ActiveCfg = Release|Any CPU
		{76DAE567-5F3F-44F5-A541-547CBA92B6C7}.Release|Any CPU.Build.0 = Release|Any CPU
		{06E0ADB8-A469-4D5F-A972-52BA1FB1FBEF}.Debug|Any CPU.ActiveCfg = Debug|Any CPU
		{06E0ADB8-A469-4D5F-A972-52BA1FB1FBEF}.Debug|Any CPU.Build.0 = Debug|Any CPU
		{06E0ADB8-A469-4D5F-A972-52BA1FB1FBEF}.Release|Any CPU.ActiveCfg = Release|Any CPU
		{06E0ADB8-A469-4D5F-A972-52BA1FB1FBEF}.Release|Any CPU.Build.0 = Release|Any CPU
		{598C131E-EF78-4CCF-92EE-1433AF6F6595}.Debug|Any CPU.ActiveCfg = Debug|Any CPU
		{598C131E-EF78-4CCF-92EE-1433AF6F6595}.Debug|Any CPU.Build.0 = Debug|Any CPU
		{598C131E-EF78-4CCF-92EE-1433AF6F6595}.Release|Any CPU.ActiveCfg = Release|Any CPU
		{598C131E-EF78-4CCF-92EE-1433AF6F6595}.Release|Any CPU.Build.0 = Release|Any CPU
		{60F562CB-5251-44F1-8D8B-78889D737DAA}.Debug|Any CPU.ActiveCfg = Debug|Any CPU
		{60F562CB-5251-44F1-8D8B-78889D737DAA}.Debug|Any CPU.Build.0 = Debug|Any CPU
		{60F562CB-5251-44F1-8D8B-78889D737DAA}.Release|Any CPU.ActiveCfg = Release|Any CPU
		{60F562CB-5251-44F1-8D8B-78889D737DAA}.Release|Any CPU.Build.0 = Release|Any CPU
		{A9470AB3-7E9D-46D8-90A9-0DD5AB6E6F6D}.Debug|Any CPU.ActiveCfg = Debug|Any CPU
		{A9470AB3-7E9D-46D8-90A9-0DD5AB6E6F6D}.Debug|Any CPU.Build.0 = Debug|Any CPU
		{A9470AB3-7E9D-46D8-90A9-0DD5AB6E6F6D}.Release|Any CPU.ActiveCfg = Release|Any CPU
		{A9470AB3-7E9D-46D8-90A9-0DD5AB6E6F6D}.Release|Any CPU.Build.0 = Release|Any CPU
	EndGlobalSection
	GlobalSection(SolutionProperties) = preSolution
		HideSolutionNode = FALSE
	EndGlobalSection
	GlobalSection(NestedProjects) = preSolution
		{84CC3258-BEE7-493C-B88E-79C0381AAAD6} = {2B3B611F-1C53-44E3-A502-D76EAACE90B5}
		{94F6AC1C-2861-40F9-A9E5-53A1F1DE5B22} = {2B3B611F-1C53-44E3-A502-D76EAACE90B5}
		{76DAE567-5F3F-44F5-A541-547CBA92B6C7} = {2B3B611F-1C53-44E3-A502-D76EAACE90B5}
		{06E0ADB8-A469-4D5F-A972-52BA1FB1FBEF} = {2B3B611F-1C53-44E3-A502-D76EAACE90B5}
		{60F562CB-5251-44F1-8D8B-78889D737DAA} = {2B3B611F-1C53-44E3-A502-D76EAACE90B5}
	EndGlobalSection
EndGlobal
